
Microsoft Visual Studio Solution File, Format Version 12.00
# Visual Studio 15
VisualStudioVersion = 15.0.28307.329
MinimumVisualStudioVersion = 10.0.40219.1
Project("{FAE04EC0-301F-11D3-BF4B-00C04F79EFBC}") = "rusty", "rusty\rusty.csproj", "{1B092569-15E1-44EF-A1D5-5062C2AC5063}"
EndProject
Global
	GlobalSection(SolutionConfigurationPlatforms) = preSolution
		Debug|Any CPU = Debug|Any CPU
		Release|Any CPU = Release|Any CPU
	EndGlobalSection
	GlobalSection(ProjectConfigurationPlatforms) = postSolution
		{1B092569-15E1-44EF-A1D5-5062C2AC5063}.Debug|Any CPU.ActiveCfg = Debug|Any CPU
		{1B092569-15E1-44EF-A1D5-5062C2AC5063}.Debug|Any CPU.Build.0 = Debug|Any CPU
		{1B092569-15E1-44EF-A1D5-5062C2AC5063}.Release|Any CPU.ActiveCfg = Release|Any CPU
		{1B092569-15E1-44EF-A1D5-5062C2AC5063}.Release|Any CPU.Build.0 = Release|Any CPU
	EndGlobalSection
	GlobalSection(SolutionProperties) = preSolution
		HideSolutionNode = FALSE
	EndGlobalSection
	GlobalSection(ExtensibilityGlobals) = postSolution
		SolutionGuid = {BB42DF2F-3BD7-43F6-9551-3D326503768D}
	EndGlobalSection
EndGlobal
